
Microsoft Visual Studio Solution File, Format Version 12.00
# Visual Studio Version 17
VisualStudioVersion = 17.12.35527.113 d17.12
MinimumVisualStudioVersion = 10.0.40219.1
Project("{FAE04EC0-301F-11D3-BF4B-00C04F79EFBC}") = "CheckersLogic", "CheckersLogic\CheckersLogic.csproj", "{5022966B-337D-48C0-A235-0BEBBE351B16}"
EndProject
Project("{FAE04EC0-301F-11D3-BF4B-00C04F79EFBC}") = "CheckersUI", "CheckersUI\CheckersUI.csproj", "{23020689-F8E1-40A1-A242-FA8FAB38A63A}"
EndProject
Global
	GlobalSection(SolutionConfigurationPlatforms) = preSolution
		Debug|Any CPU = Debug|Any CPU
		Release|Any CPU = Release|Any CPU
	EndGlobalSection
	GlobalSection(ProjectConfigurationPlatforms) = postSolution
		{5022966B-337D-48C0-A235-0BEBBE351B16}.Debug|Any CPU.ActiveCfg = Debug|Any CPU
		{5022966B-337D-48C0-A235-0BEBBE351B16}.Debug|Any CPU.Build.0 = Debug|Any CPU
		{5022966B-337D-48C0-A235-0BEBBE351B16}.Release|Any CPU.ActiveCfg = Release|Any CPU
		{5022966B-337D-48C0-A235-0BEBBE351B16}.Release|Any CPU.Build.0 = Release|Any CPU
		{23020689-F8E1-40A1-A242-FA8FAB38A63A}.Debug|Any CPU.ActiveCfg = Debug|Any CPU
		{23020689-F8E1-40A1-A242-FA8FAB38A63A}.Debug|Any CPU.Build.0 = Debug|Any CPU
		{23020689-F8E1-40A1-A242-FA8FAB38A63A}.Release|Any CPU.ActiveCfg = Release|Any CPU
		{23020689-F8E1-40A1-A242-FA8FAB38A63A}.Release|Any CPU.Build.0 = Release|Any CPU
	EndGlobalSection
	GlobalSection(SolutionProperties) = preSolution
		HideSolutionNode = FALSE
	EndGlobalSection
EndGlobal
